
Microsoft Visual Studio Solution File, Format Version 12.00
# Visual Studio 15
VisualStudioVersion = 15.0.27130.2003
MinimumVisualStudioVersion = 10.0.40219.1
Project("{FAE04EC0-301F-11D3-BF4B-00C04F79EFBC}") = "GITRepoManager", "GITRepoManager\GITRepoManager.csproj", "{34CE98A3-C5C1-44E5-8C71-720A88CACFBE}"
EndProject
Global
	GlobalSection(SolutionConfigurationPlatforms) = preSolution
		Debug|Any CPU = Debug|Any CPU
		Release|Any CPU = Release|Any CPU
	EndGlobalSection
	GlobalSection(ProjectConfigurationPlatforms) = postSolution
		{34CE98A3-C5C1-44E5-8C71-720A88CACFBE}.Debug|Any CPU.ActiveCfg = Debug|Any CPU
		{34CE98A3-C5C1-44E5-8C71-720A88CACFBE}.Debug|Any CPU.Build.0 = Debug|Any CPU
		{34CE98A3-C5C1-44E5-8C71-720A88CACFBE}.Release|Any CPU.ActiveCfg = Release|Any CPU
		{34CE98A3-C5C1-44E5-8C71-720A88CACFBE}.Release|Any CPU.Build.0 = Release|Any CPU
	EndGlobalSection
	GlobalSection(SolutionProperties) = preSolution
		HideSolutionNode = FALSE
	EndGlobalSection
	GlobalSection(ExtensibilityGlobals) = postSolution
		SolutionGuid = {B4F01F89-2DF8-43AE-B872-78BBFA37630B}
	EndGlobalSection
EndGlobal
